
Microsoft Visual Studio Solution File, Format Version 12.00
# Visual Studio Version 17
VisualStudioVersion = 17.2.32519.379
MinimumVisualStudioVersion = 10.0.40219.1
Project("{FAE04EC0-301F-11D3-BF4B-00C04F79EFBC}") = "CSharpLearning", "CSharpLearning.csproj", "{717ADD21-DD8B-43C9-89E4-ECF559C3C9FC}"
EndProject
Global
	GlobalSection(SolutionConfigurationPlatforms) = preSolution
		Debug|Any CPU = Debug|Any CPU
		Release|Any CPU = Release|Any CPU
	EndGlobalSection
	GlobalSection(ProjectConfigurationPlatforms) = postSolution
		{717ADD21-DD8B-43C9-89E4-ECF559C3C9FC}.Debug|Any CPU.ActiveCfg = Debug|Any CPU
		{717ADD21-DD8B-43C9-89E4-ECF559C3C9FC}.Debug|Any CPU.Build.0 = Debug|Any CPU
		{717ADD21-DD8B-43C9-89E4-ECF559C3C9FC}.Release|Any CPU.ActiveCfg = Release|Any CPU
		{717ADD21-DD8B-43C9-89E4-ECF559C3C9FC}.Release|Any CPU.Build.0 = Release|Any CPU
	EndGlobalSection
	GlobalSection(SolutionProperties) = preSolution
		HideSolutionNode = FALSE
	EndGlobalSection
	GlobalSection(ExtensibilityGlobals) = postSolution
		SolutionGuid = {9D408DF2-CBC8-4F39-A6E5-328E6B7C4326}
	EndGlobalSection
EndGlobal
